
Microsoft Visual Studio Solution File, Format Version 12.00
# Visual Studio 15
VisualStudioVersion = 15.0.27130.2020
MinimumVisualStudioVersion = 10.0.40219.1
Project("{9A19103F-16F7-4668-BE54-9A1E7A4F7556}") = "ITGigs.MVCApp", "ITGigs.MVCApp\ITGigs.MVCApp.csproj", "{74BEC1EE-57D8-4FFD-AF31-8C2A33E3A6B0}"
EndProject
Project("{FAE04EC0-301F-11D3-BF4B-00C04F79EFBC}") = "ITGigsDB", "ITGigsDB\ITGigsDB.csproj", "{13D37870-82E1-4626-A63C-32A4601EEAE9}"
EndProject
Project("{FAE04EC0-301F-11D3-BF4B-00C04F79EFBC}") = "ITGigs.UserService.Domain", "ITGigs.UserService.Domain\ITGigs.UserService.Domain.csproj", "{F0749619-9807-420C-B674-099D12423311}"
EndProject
Project("{FAE04EC0-301F-11D3-BF4B-00C04F79EFBC}") = "ITGigsCommon", "ITGigsCommon\ITGigsCommon.csproj", "{62038294-B193-4B4E-B432-A6D72AA3D0CF}"
EndProject
Global
	GlobalSection(SolutionConfigurationPlatforms) = preSolution
		Debug|Any CPU = Debug|Any CPU
		Release|Any CPU = Release|Any CPU
	EndGlobalSection
	GlobalSection(ProjectConfigurationPlatforms) = postSolution
		{74BEC1EE-57D8-4FFD-AF31-8C2A33E3A6B0}.Debug|Any CPU.ActiveCfg = Debug|Any CPU
		{74BEC1EE-57D8-4FFD-AF31-8C2A33E3A6B0}.Debug|Any CPU.Build.0 = Debug|Any CPU
		{74BEC1EE-57D8-4FFD-AF31-8C2A33E3A6B0}.Release|Any CPU.ActiveCfg = Release|Any CPU
		{74BEC1EE-57D8-4FFD-AF31-8C2A33E3A6B0}.Release|Any CPU.Build.0 = Release|Any CPU
		{13D37870-82E1-4626-A63C-32A4601EEAE9}.Debug|Any CPU.ActiveCfg = Debug|Any CPU
		{13D37870-82E1-4626-A63C-32A4601EEAE9}.Debug|Any CPU.Build.0 = Debug|Any CPU
		{13D37870-82E1-4626-A63C-32A4601EEAE9}.Release|Any CPU.ActiveCfg = Release|Any CPU
		{13D37870-82E1-4626-A63C-32A4601EEAE9}.Release|Any CPU.Build.0 = Release|Any CPU
		{F0749619-9807-420C-B674-099D12423311}.Debug|Any CPU.ActiveCfg = Debug|Any CPU
		{F0749619-9807-420C-B674-099D12423311}.Debug|Any CPU.Build.0 = Debug|Any CPU
		{F0749619-9807-420C-B674-099D12423311}.Release|Any CPU.ActiveCfg = Release|Any CPU
		{F0749619-9807-420C-B674-099D12423311}.Release|Any CPU.Build.0 = Release|Any CPU
		{62038294-B193-4B4E-B432-A6D72AA3D0CF}.Debug|Any CPU.ActiveCfg = Debug|Any CPU
		{62038294-B193-4B4E-B432-A6D72AA3D0CF}.Debug|Any CPU.Build.0 = Debug|Any CPU
		{62038294-B193-4B4E-B432-A6D72AA3D0CF}.Release|Any CPU.ActiveCfg = Release|Any CPU
		{62038294-B193-4B4E-B432-A6D72AA3D0CF}.Release|Any CPU.Build.0 = Release|Any CPU
	EndGlobalSection
	GlobalSection(SolutionProperties) = preSolution
		HideSolutionNode = FALSE
	EndGlobalSection
	GlobalSection(ExtensibilityGlobals) = postSolution
		SolutionGuid = {8734B519-829E-4C47-B963-C5B1F3ED02C3}
	EndGlobalSection
EndGlobal
